
Microsoft Visual Studio Solution File, Format Version 12.00
# Visual Studio Version 16
VisualStudioVersion = 16.0.29009.5
MinimumVisualStudioVersion = 10.0.40219.1
Project("{FAE04EC0-301F-11D3-BF4B-00C04F79EFBC}") = "ConsoleApp1", "ConsoleApp1\ConsoleApp1.csproj", "{59A10448-0B15-47B5-8719-5B6351CFD099}"
EndProject
Global
	GlobalSection(SolutionConfigurationPlatforms) = preSolution
		Debug|Any CPU = Debug|Any CPU
		Release|Any CPU = Release|Any CPU
	EndGlobalSection
	GlobalSection(ProjectConfigurationPlatforms) = postSolution
		{59A10448-0B15-47B5-8719-5B6351CFD099}.Debug|Any CPU.ActiveCfg = Debug|Any CPU
		{59A10448-0B15-47B5-8719-5B6351CFD099}.Debug|Any CPU.Build.0 = Debug|Any CPU
		{59A10448-0B15-47B5-8719-5B6351CFD099}.Release|Any CPU.ActiveCfg = Release|Any CPU
		{59A10448-0B15-47B5-8719-5B6351CFD099}.Release|Any CPU.Build.0 = Release|Any CPU
	EndGlobalSection
	GlobalSection(SolutionProperties) = preSolution
		HideSolutionNode = FALSE
	EndGlobalSection
	GlobalSection(ExtensibilityGlobals) = postSolution
		SolutionGuid = {20D6A9D2-66A7-4A8E-A663-7A17AE0F44F0}
	EndGlobalSection
EndGlobal
