
Microsoft Visual Studio Solution File, Format Version 12.00
# Visual Studio Version 16
VisualStudioVersion = 16.0.29009.5
MinimumVisualStudioVersion = 10.0.40219.1
Project("{9A19103F-16F7-4668-BE54-9A1E7A4F7556}") = "TDDxUnitCore.Domain.UnitTest", "test\TDDxUnitCore.Domain.Test\TDDxUnitCore.Domain.UnitTest.csproj", "{72BF80D2-F538-4D60-99AD-8EB154FD6F1D}"
EndProject
Project("{9A19103F-16F7-4668-BE54-9A1E7A4F7556}") = "TDDxUnitCore.Domain", "src\TDDxUnitCore.Domain\TDDxUnitCore.Domain.csproj", "{635FBDFC-190B-460B-980A-D5296EDD8C1E}"
EndProject
Project("{2150E333-8FDC-42A3-9474-1A3956D46DE8}") = "code", "code", "{1E2B81CC-8802-4072-9CE9-AD81E6B6CB99}"
EndProject
Project("{2150E333-8FDC-42A3-9474-1A3956D46DE8}") = "test", "test", "{5FD70E6F-72F1-4379-8111-FD42FDFB6626}"
EndProject
Project("{9A19103F-16F7-4668-BE54-9A1E7A4F7556}") = "TDDxUnitCore.Web", "src\TDDxUnitCore.Web\TDDxUnitCore.Web.csproj", "{FB3415AB-4C27-488D-8551-A18B5564DE71}"
EndProject
Project("{9A19103F-16F7-4668-BE54-9A1E7A4F7556}") = "TDDxUnitCore.Persistence", "src\TDDxUnitCore.Persistence\TDDxUnitCore.Persistence.csproj", "{E792D2F2-3895-4245-B4D8-593BA53A34A4}"
EndProject
Project("{9A19103F-16F7-4668-BE54-9A1E7A4F7556}") = "TDDxUnitCore.IoC", "src\TDDxUnitCore.IoC\TDDxUnitCore.IoC.csproj", "{34595CC7-3C1A-442D-852D-C01789A6712C}"
EndProject
Project("{2150E333-8FDC-42A3-9474-1A3956D46DE8}") = "UnitTests", "UnitTests", "{AD4A50C9-9AC1-4781-A749-C3C7BB6BBFBC}"
EndProject
Project("{2150E333-8FDC-42A3-9474-1A3956D46DE8}") = "Solution Items", "Solution Items", "{445002B0-908F-4D68-98FE-F8CF956B751A}"
	ProjectSection(SolutionItems) = preProject
		.editorconfig = .editorconfig
	EndProjectSection
EndProject
Project("{FAE04EC0-301F-11D3-BF4B-00C04F79EFBC}") = "TDDxUnitCore.CrossCutting", "src\TDDxUnitCore.CrossCutting\TDDxUnitCore.CrossCutting.csproj", "{DA8BFA38-88F3-4459-A80A-94FF1BE3A2A6}"
EndProject
Global
	GlobalSection(SolutionConfigurationPlatforms) = preSolution
		Debug|Any CPU = Debug|Any CPU
		Release|Any CPU = Release|Any CPU
	EndGlobalSection
	GlobalSection(ProjectConfigurationPlatforms) = postSolution
		{72BF80D2-F538-4D60-99AD-8EB154FD6F1D}.Debug|Any CPU.ActiveCfg = Debug|Any CPU
		{72BF80D2-F538-4D60-99AD-8EB154FD6F1D}.Debug|Any CPU.Build.0 = Debug|Any CPU
		{72BF80D2-F538-4D60-99AD-8EB154FD6F1D}.Release|Any CPU.ActiveCfg = Release|Any CPU
		{72BF80D2-F538-4D60-99AD-8EB154FD6F1D}.Release|Any CPU.Build.0 = Release|Any CPU
		{635FBDFC-190B-460B-980A-D5296EDD8C1E}.Debug|Any CPU.ActiveCfg = Debug|Any CPU
		{635FBDFC-190B-460B-980A-D5296EDD8C1E}.Debug|Any CPU.Build.0 = Debug|Any CPU
		{635FBDFC-190B-460B-980A-D5296EDD8C1E}.Release|Any CPU.ActiveCfg = Release|Any CPU
		{635FBDFC-190B-460B-980A-D5296EDD8C1E}.Release|Any CPU.Build.0 = Release|Any CPU
		{FB3415AB-4C27-488D-8551-A18B5564DE71}.Debug|Any CPU.ActiveCfg = Debug|Any CPU
		{FB3415AB-4C27-488D-8551-A18B5564DE71}.Debug|Any CPU.Build.0 = Debug|Any CPU
		{FB3415AB-4C27-488D-8551-A18B5564DE71}.Release|Any CPU.ActiveCfg = Release|Any CPU
		{FB3415AB-4C27-488D-8551-A18B5564DE71}.Release|Any CPU.Build.0 = Release|Any CPU
		{E792D2F2-3895-4245-B4D8-593BA53A34A4}.Debug|Any CPU.ActiveCfg = Debug|Any CPU
		{E792D2F2-3895-4245-B4D8-593BA53A34A4}.Debug|Any CPU.Build.0 = Debug|Any CPU
		{E792D2F2-3895-4245-B4D8-593BA53A34A4}.Release|Any CPU.ActiveCfg = Release|Any CPU
		{E792D2F2-3895-4245-B4D8-593BA53A34A4}.Release|Any CPU.Build.0 = Release|Any CPU
		{34595CC7-3C1A-442D-852D-C01789A6712C}.Debug|Any CPU.ActiveCfg = Debug|Any CPU
		{34595CC7-3C1A-442D-852D-C01789A6712C}.Debug|Any CPU.Build.0 = Debug|Any CPU
		{34595CC7-3C1A-442D-852D-C01789A6712C}.Release|Any CPU.ActiveCfg = Release|Any CPU
		{34595CC7-3C1A-442D-852D-C01789A6712C}.Release|Any CPU.Build.0 = Release|Any CPU
		{DA8BFA38-88F3-4459-A80A-94FF1BE3A2A6}.Debug|Any CPU.ActiveCfg = Debug|Any CPU
		{DA8BFA38-88F3-4459-A80A-94FF1BE3A2A6}.Debug|Any CPU.Build.0 = Debug|Any CPU
		{DA8BFA38-88F3-4459-A80A-94FF1BE3A2A6}.Release|Any CPU.ActiveCfg = Release|Any CPU
		{DA8BFA38-88F3-4459-A80A-94FF1BE3A2A6}.Release|Any CPU.Build.0 = Release|Any CPU
	EndGlobalSection
	GlobalSection(SolutionProperties) = preSolution
		HideSolutionNode = FALSE
	EndGlobalSection
	GlobalSection(NestedProjects) = preSolution
		{72BF80D2-F538-4D60-99AD-8EB154FD6F1D} = {AD4A50C9-9AC1-4781-A749-C3C7BB6BBFBC}
		{635FBDFC-190B-460B-980A-D5296EDD8C1E} = {1E2B81CC-8802-4072-9CE9-AD81E6B6CB99}
		{FB3415AB-4C27-488D-8551-A18B5564DE71} = {1E2B81CC-8802-4072-9CE9-AD81E6B6CB99}
		{E792D2F2-3895-4245-B4D8-593BA53A34A4} = {1E2B81CC-8802-4072-9CE9-AD81E6B6CB99}
		{34595CC7-3C1A-442D-852D-C01789A6712C} = {1E2B81CC-8802-4072-9CE9-AD81E6B6CB99}
		{AD4A50C9-9AC1-4781-A749-C3C7BB6BBFBC} = {5FD70E6F-72F1-4379-8111-FD42FDFB6626}
		{DA8BFA38-88F3-4459-A80A-94FF1BE3A2A6} = {1E2B81CC-8802-4072-9CE9-AD81E6B6CB99}
	EndGlobalSection
	GlobalSection(ExtensibilityGlobals) = postSolution
		SolutionGuid = {20D6A9D2-66A7-4A8E-A663-7A17AE0F44F0}
	EndGlobalSection
EndGlobal
